
Microsoft Visual Studio Solution File, Format Version 12.00
# Visual Studio 15
Project("{FAE04EC0-301F-11D3-BF4B-00C04F79EFBC}") = "SByteDev.MvvmCross.Plugins.DateTimeConverter", "SByteDev.MvvmCross.Plugins.DateTimeConverter\SByteDev.MvvmCross.Plugins.DateTimeConverter.csproj", "{7B302048-F202-477D-A703-CBAD67F4EF87}"
EndProject
Project("{FAE04EC0-301F-11D3-BF4B-00C04F79EFBC}") = "SByteDev.MvvmCross.Plugins.DateTimeConverter.Demo.Android", "SByteDev.MvvmCross.Plugins.DateTimeConverter.Demo\SByteDev.MvvmCross.Plugins.DateTimeConverter.Demo.Android\SByteDev.MvvmCross.Plugins.DateTimeConverter.Demo.Android.csproj", "{01612779-AE34-4518-88B6-9DE89DE70A3E}"
EndProject
Project("{FAE04EC0-301F-11D3-BF4B-00C04F79EFBC}") = "SByteDev.MvvmCross.Plugins.DateTimeConverter.Demo.iOS", "SByteDev.MvvmCross.Plugins.DateTimeConverter.Demo\SByteDev.MvvmCross.Plugins.DateTimeConverter.Demo.iOS\SByteDev.MvvmCross.Plugins.DateTimeConverter.Demo.iOS.csproj", "{C7B71886-EB1B-43C8-B2F5-73ACB1D9A585}"
EndProject
Project("{FAE04EC0-301F-11D3-BF4B-00C04F79EFBC}") = "SByteDev.MvvmCross.Plugins.DateTimeConverter.Demo", "SByteDev.MvvmCross.Plugins.DateTimeConverter.Demo\SByteDev.MvvmCross.Plugins.DateTimeConverter.Demo\SByteDev.MvvmCross.Plugins.DateTimeConverter.Demo.csproj", "{0E9A6203-DCB8-4B32-8F46-6ECE61FBA9C3}"
EndProject
Global
	GlobalSection(SolutionConfigurationPlatforms) = preSolution
		Debug|Any CPU = Debug|Any CPU
		Debug|iPhone = Debug|iPhone
		Debug|iPhoneSimulator = Debug|iPhoneSimulator
		Release|Any CPU = Release|Any CPU
		Release|iPhone = Release|iPhone
		Release|iPhoneSimulator = Release|iPhoneSimulator
	EndGlobalSection
	GlobalSection(ProjectConfigurationPlatforms) = postSolution
		{7B302048-F202-477D-A703-CBAD67F4EF87}.Debug|Any CPU.ActiveCfg = Debug|Any CPU
		{7B302048-F202-477D-A703-CBAD67F4EF87}.Debug|Any CPU.Build.0 = Debug|Any CPU
		{7B302048-F202-477D-A703-CBAD67F4EF87}.Debug|iPhone.ActiveCfg = Debug|Any CPU
		{7B302048-F202-477D-A703-CBAD67F4EF87}.Debug|iPhone.Build.0 = Debug|Any CPU
		{7B302048-F202-477D-A703-CBAD67F4EF87}.Debug|iPhoneSimulator.ActiveCfg = Debug|Any CPU
		{7B302048-F202-477D-A703-CBAD67F4EF87}.Debug|iPhoneSimulator.Build.0 = Debug|Any CPU
		{7B302048-F202-477D-A703-CBAD67F4EF87}.Release|Any CPU.ActiveCfg = Release|Any CPU
		{7B302048-F202-477D-A703-CBAD67F4EF87}.Release|Any CPU.Build.0 = Release|Any CPU
		{7B302048-F202-477D-A703-CBAD67F4EF87}.Release|iPhone.ActiveCfg = Release|Any CPU
		{7B302048-F202-477D-A703-CBAD67F4EF87}.Release|iPhone.Build.0 = Release|Any CPU
		{7B302048-F202-477D-A703-CBAD67F4EF87}.Release|iPhoneSimulator.ActiveCfg = Release|Any CPU
		{7B302048-F202-477D-A703-CBAD67F4EF87}.Release|iPhoneSimulator.Build.0 = Release|Any CPU
		{01612779-AE34-4518-88B6-9DE89DE70A3E}.Debug|Any CPU.ActiveCfg = Debug|Any CPU
		{01612779-AE34-4518-88B6-9DE89DE70A3E}.Debug|Any CPU.Build.0 = Debug|Any CPU
		{01612779-AE34-4518-88B6-9DE89DE70A3E}.Debug|Any CPU.Deploy.0 = Debug|Any CPU
		{01612779-AE34-4518-88B6-9DE89DE70A3E}.Debug|iPhone.ActiveCfg = Debug|Any CPU
		{01612779-AE34-4518-88B6-9DE89DE70A3E}.Debug|iPhone.Build.0 = Debug|Any CPU
		{01612779-AE34-4518-88B6-9DE89DE70A3E}.Debug|iPhone.Deploy.0 = Debug|Any CPU
		{01612779-AE34-4518-88B6-9DE89DE70A3E}.Debug|iPhoneSimulator.ActiveCfg = Debug|Any CPU
		{01612779-AE34-4518-88B6-9DE89DE70A3E}.Debug|iPhoneSimulator.Build.0 = Debug|Any CPU
		{01612779-AE34-4518-88B6-9DE89DE70A3E}.Debug|iPhoneSimulator.Deploy.0 = Debug|Any CPU
		{01612779-AE34-4518-88B6-9DE89DE70A3E}.Release|Any CPU.ActiveCfg = Release|Any CPU
		{01612779-AE34-4518-88B6-9DE89DE70A3E}.Release|Any CPU.Build.0 = Release|Any CPU
		{01612779-AE34-4518-88B6-9DE89DE70A3E}.Release|Any CPU.Deploy.0 = Release|Any CPU
		{01612779-AE34-4518-88B6-9DE89DE70A3E}.Release|iPhone.ActiveCfg = Release|Any CPU
		{01612779-AE34-4518-88B6-9DE89DE70A3E}.Release|iPhone.Build.0 = Release|Any CPU
		{01612779-AE34-4518-88B6-9DE89DE70A3E}.Release|iPhone.Deploy.0 = Release|Any CPU
		{01612779-AE34-4518-88B6-9DE89DE70A3E}.Release|iPhoneSimulator.ActiveCfg = Release|Any CPU
		{01612779-AE34-4518-88B6-9DE89DE70A3E}.Release|iPhoneSimulator.Build.0 = Release|Any CPU
		{01612779-AE34-4518-88B6-9DE89DE70A3E}.Release|iPhoneSimulator.Deploy.0 = Release|Any CPU
		{C7B71886-EB1B-43C8-B2F5-73ACB1D9A585}.Debug|Any CPU.ActiveCfg = Debug|iPhoneSimulator
		{C7B71886-EB1B-43C8-B2F5-73ACB1D9A585}.Debug|Any CPU.Build.0 = Debug|iPhoneSimulator
		{C7B71886-EB1B-43C8-B2F5-73ACB1D9A585}.Debug|Any CPU.Deploy.0 = Debug|iPhoneSimulator
		{C7B71886-EB1B-43C8-B2F5-73ACB1D9A585}.Debug|iPhone.ActiveCfg = Debug|iPhone
		{C7B71886-EB1B-43C8-B2F5-73ACB1D9A585}.Debug|iPhone.Build.0 = Debug|iPhone
		{C7B71886-EB1B-43C8-B2F5-73ACB1D9A585}.Debug|iPhone.Deploy.0 = Debug|iPhone
		{C7B71886-EB1B-43C8-B2F5-73ACB1D9A585}.Debug|iPhoneSimulator.ActiveCfg = Debug|iPhoneSimulator
		{C7B71886-EB1B-43C8-B2F5-73ACB1D9A585}.Debug|iPhoneSimulator.Build.0 = Debug|iPhoneSimulator
		{C7B71886-EB1B-43C8-B2F5-73ACB1D9A585}.Debug|iPhoneSimulator.Deploy.0 = Debug|iPhoneSimulator
		{C7B71886-EB1B-43C8-B2F5-73ACB1D9A585}.Release|Any CPU.ActiveCfg = Release|iPhone
		{C7B71886-EB1B-43C8-B2F5-73ACB1D9A585}.Release|Any CPU.Build.0 = Release|iPhone
		{C7B71886-EB1B-43C8-B2F5-73ACB1D9A585}.Release|Any CPU.Deploy.0 = Release|iPhone
		{C7B71886-EB1B-43C8-B2F5-73ACB1D9A585}.Release|iPhone.ActiveCfg = Release|iPhone
		{C7B71886-EB1B-43C8-B2F5-73ACB1D9A585}.Release|iPhone.Build.0 = Release|iPhone
		{C7B71886-EB1B-43C8-B2F5-73ACB1D9A585}.Release|iPhone.Deploy.0 = Release|iPhone
		{C7B71886-EB1B-43C8-B2F5-73ACB1D9A585}.Release|iPhoneSimulator.ActiveCfg = Release|iPhoneSimulator
		{C7B71886-EB1B-43C8-B2F5-73ACB1D9A585}.Release|iPhoneSimulator.Build.0 = Release|iPhoneSimulator
		{C7B71886-EB1B-43C8-B2F5-73ACB1D9A585}.Release|iPhoneSimulator.Deploy.0 = Release|iPhoneSimulator
		{0E9A6203-DCB8-4B32-8F46-6ECE61FBA9C3}.Debug|Any CPU.ActiveCfg = Debug|Any CPU
		{0E9A6203-DCB8-4B32-8F46-6ECE61FBA9C3}.Debug|Any CPU.Build.0 = Debug|Any CPU
		{0E9A6203-DCB8-4B32-8F46-6ECE61FBA9C3}.Debug|iPhone.ActiveCfg = Debug|Any CPU
		{0E9A6203-DCB8-4B32-8F46-6ECE61FBA9C3}.Debug|iPhone.Build.0 = Debug|Any CPU
		{0E9A6203-DCB8-4B32-8F46-6ECE61FBA9C3}.Debug|iPhoneSimulator.ActiveCfg = Debug|Any CPU
		{0E9A6203-DCB8-4B32-8F46-6ECE61FBA9C3}.Debug|iPhoneSimulator.Build.0 = Debug|Any CPU
		{0E9A6203-DCB8-4B32-8F46-6ECE61FBA9C3}.Release|Any CPU.ActiveCfg = Release|Any CPU
		{0E9A6203-DCB8-4B32-8F46-6ECE61FBA9C3}.Release|Any CPU.Build.0 = Release|Any CPU
		{0E9A6203-DCB8-4B32-8F46-6ECE61FBA9C3}.Release|iPhone.ActiveCfg = Release|Any CPU
		{0E9A6203-DCB8-4B32-8F46-6ECE61FBA9C3}.Release|iPhone.Build.0 = Release|Any CPU
		{0E9A6203-DCB8-4B32-8F46-6ECE61FBA9C3}.Release|iPhoneSimulator.ActiveCfg = Release|Any CPU
		{0E9A6203-DCB8-4B32-8F46-6ECE61FBA9C3}.Release|iPhoneSimulator.Build.0 = Release|Any CPU
	EndGlobalSection
EndGlobal
